{
  "object": {
    "pins": [
      {
        "package": "GMASample",
        "repositoryURL": "https://github.com/bhaskar-dj/GMASample.git",
        "state": {
          "branch": null,
          "revision": "da8a268a760d139501048db01aa25dea0137f083",
          "version": null
        }
      }
    ]
  },
  "version": 1
}
