{
  "object": {
    "pins": [
      {
        "package": "GMASample",
        "repositoryURL": "https://github.com/bhaskar-dj/GMASample.git",
        "state": {
          "branch": "master",
          "revision": "a0cff3e11bc8e42e93bd81b6a7d478d6d08de72c",
          "version": null
        }
      }
    ]
  },
  "version": 1
}
