{
  "object": {
    "pins": [
      {
        "package": "GMASample",
        "repositoryURL": "https://github.com/bhaskar-dj/GMASample.git",
        "state": {
          "branch": "master",
          "revision": "3022cde0947de2377c48f0f7fd3aac180db0c1ab",
          "version": null
        }
      }
    ]
  },
  "version": 1
}
