// !$*UTF8*$!
{
	archiveVersion = 1;
	classes = {
	};
	objectVersion = 52;
	objects = {

/* Begin PBXBuildFile section */
		A5A98FD1264DA86B00F04CE1 /* GMASampleApp.swift in Sources */ = {isa = PBXBuildFile; fileRef = A5A98FCB264DA86B00F04CE1 /* GMASampleApp.swift */; };
		A5A98FD2264DA86B00F04CE1 /* Assets.xcassets in Resources */ = {isa = PBXBuildFile; fileRef = A5A98FCC264DA86B00F04CE1 /* Assets.xcassets */; };
		A5A98FD3264DA86B00F04CE1 /* Preview Assets.xcassets in Resources */ = {isa = PBXBuildFile; fileRef = A5A98FCE264DA86B00F04CE1 /* Preview Assets.xcassets */; };
		A5A98FD4264DA86B00F04CE1 /* ContentView.swift in Sources */ = {isa = PBXBuildFile; fileRef = A5A98FCF264DA86B00F04CE1 /* ContentView.swift */; };
		A5F77DB52654BE6100485B28 /* ChanceTheAdWrapper in Frameworks */ = {isa = PBXBuildFile; productRef = A5F77DB42654BE6100485B28 /* ChanceTheAdWrapper */; };
		A5F77DB82654BE9E00485B28 /* NCVideoKit in Frameworks */ = {isa = PBXBuildFile; productRef = A5F77DB72654BE9E00485B28 /* NCVideoKit */; };
/* End PBXBuildFile section */

/* Begin PBXFileReference section */
		A5A98FA1264D9E5000F04CE1 /* GMASampleTest.app */ = {isa = PBXFileReference; explicitFileType = wrapper.application; includeInIndex = 0; path = GMASampleTest.app; sourceTree = BUILT_PRODUCTS_DIR; };
		A5A98FCB264DA86B00F04CE1 /* GMASampleApp.swift */ = {isa = PBXFileReference; fileEncoding = 4; lastKnownFileType = sourcecode.swift; path = GMASampleApp.swift; sourceTree = "<group>"; };
		A5A98FCC264DA86B00F04CE1 /* Assets.xcassets */ = {isa = PBXFileReference; lastKnownFileType = folder.assetcatalog; path = Assets.xcassets; sourceTree = "<group>"; };
		A5A98FCE264DA86B00F04CE1 /* Preview Assets.xcassets */ = {isa = PBXFileReference; lastKnownFileType = folder.assetcatalog; path = "Preview Assets.xcassets"; sourceTree = "<group>"; };
		A5A98FCF264DA86B00F04CE1 /* ContentView.swift */ = {isa = PBXFileReference; fileEncoding = 4; lastKnownFileType = sourcecode.swift; path = ContentView.swift; sourceTree = "<group>"; };
		A5A98FD0264DA86B00F04CE1 /* Info.plist */ = {isa = PBXFileReference; fileEncoding = 4; lastKnownFileType = text.plist.xml; path = Info.plist; sourceTree = "<group>"; };
/* End PBXFileReference section */

/* Begin PBXFrameworksBuildPhase section */
		A5A98F9E264D9E5000F04CE1 /* Frameworks */ = {
			isa = PBXFrameworksBuildPhase;
			buildActionMask = 2147483647;
			files = (
				A5F77DB82654BE9E00485B28 /* NCVideoKit in Frameworks */,
				A5F77DB52654BE6100485B28 /* ChanceTheAdWrapper in Frameworks */,
			);
			runOnlyForDeploymentPostprocessing = 0;
		};
/* End PBXFrameworksBuildPhase section */

/* Begin PBXGroup section */
		A5A98F98264D9E5000F04CE1 = {
			isa = PBXGroup;
			children = (
				A5A98FCA264DA86B00F04CE1 /* GMASampleTest */,
				A5A98FA2264D9E5000F04CE1 /* Products */,
				A5A98FFF264DAA1300F04CE1 /* Frameworks */,
			);
			sourceTree = "<group>";
		};
		A5A98FA2264D9E5000F04CE1 /* Products */ = {
			isa = PBXGroup;
			children = (
				A5A98FA1264D9E5000F04CE1 /* GMASampleTest.app */,
			);
			name = Products;
			sourceTree = "<group>";
		};
		A5A98FCA264DA86B00F04CE1 /* GMASampleTest */ = {
			isa = PBXGroup;
			children = (
				A5A98FCB264DA86B00F04CE1 /* GMASampleApp.swift */,
				A5A98FCC264DA86B00F04CE1 /* Assets.xcassets */,
				A5A98FCF264DA86B00F04CE1 /* ContentView.swift */,
				A5A98FD0264DA86B00F04CE1 /* Info.plist */,
				A5A98FCD264DA86B00F04CE1 /* Preview Content */,
			);
			path = GMASampleTest;
			sourceTree = "<group>";
		};
		A5A98FCD264DA86B00F04CE1 /* Preview Content */ = {
			isa = PBXGroup;
			children = (
				A5A98FCE264DA86B00F04CE1 /* Preview Assets.xcassets */,
			);
			path = "Preview Content";
			sourceTree = "<group>";
		};
		A5A98FFF264DAA1300F04CE1 /* Frameworks */ = {
			isa = PBXGroup;
			children = (
			);
			name = Frameworks;
			sourceTree = "<group>";
		};
/* End PBXGroup section */

/* Begin PBXNativeTarget section */
		A5A98FA0264D9E5000F04CE1 /* GMASampleTest */ = {
			isa = PBXNativeTarget;
			buildConfigurationList = A5A98FB0264D9E5200F04CE1 /* Build configuration list for PBXNativeTarget "GMASampleTest" */;
			buildPhases = (
				A5A98F9D264D9E5000F04CE1 /* Sources */,
				A5A98F9E264D9E5000F04CE1 /* Frameworks */,
				A5A98F9F264D9E5000F04CE1 /* Resources */,
			);
			buildRules = (
			);
			dependencies = (
			);
			name = GMASampleTest;
			packageProductDependencies = (
				A5F77DB42654BE6100485B28 /* ChanceTheAdWrapper */,
				A5F77DB72654BE9E00485B28 /* NCVideoKit */,
			);
			productName = GMASample;
			productReference = A5A98FA1264D9E5000F04CE1 /* GMASampleTest.app */;
			productType = "com.apple.product-type.application";
		};
/* End PBXNativeTarget section */

/* Begin PBXProject section */
		A5A98F99264D9E5000F04CE1 /* Project object */ = {
			isa = PBXProject;
			attributes = {
				LastSwiftUpdateCheck = 1250;
				LastUpgradeCheck = 1250;
				TargetAttributes = {
					A5A98FA0264D9E5000F04CE1 = {
						CreatedOnToolsVersion = 12.5;
					};
				};
			};
			buildConfigurationList = A5A98F9C264D9E5000F04CE1 /* Build configuration list for PBXProject "GMASample" */;
			compatibilityVersion = "Xcode 9.3";
			developmentRegion = en;
			hasScannedForEncodings = 0;
			knownRegions = (
				en,
				Base,
			);
			mainGroup = A5A98F98264D9E5000F04CE1;
			packageReferences = (
				A5F77DB32654BE6100485B28 /* XCRemoteSwiftPackageReference "ChanceTheAdWrapper" */,
				A5F77DB62654BE9E00485B28 /* XCRemoteSwiftPackageReference "NCVideoKit" */,
			);
			productRefGroup = A5A98FA2264D9E5000F04CE1 /* Products */;
			projectDirPath = "";
			projectRoot = "";
			targets = (
				A5A98FA0264D9E5000F04CE1 /* GMASampleTest */,
			);
		};
/* End PBXProject section */

/* Begin PBXResourcesBuildPhase section */
		A5A98F9F264D9E5000F04CE1 /* Resources */ = {
			isa = PBXResourcesBuildPhase;
			buildActionMask = 2147483647;
			files = (
				A5A98FD3264DA86B00F04CE1 /* Preview Assets.xcassets in Resources */,
				A5A98FD2264DA86B00F04CE1 /* Assets.xcassets in Resources */,
			);
			runOnlyForDeploymentPostprocessing = 0;
		};
/* End PBXResourcesBuildPhase section */

/* Begin PBXSourcesBuildPhase section */
		A5A98F9D264D9E5000F04CE1 /* Sources */ = {
			isa = PBXSourcesBuildPhase;
			buildActionMask = 2147483647;
			files = (
				A5A98FD4264DA86B00F04CE1 /* ContentView.swift in Sources */,
				A5A98FD1264DA86B00F04CE1 /* GMASampleApp.swift in Sources */,
			);
			runOnlyForDeploymentPostprocessing = 0;
		};
/* End PBXSourcesBuildPhase section */

/* Begin XCBuildConfiguration section */
		A5A98FAE264D9E5200F04CE1 /* Debug */ = {
			isa = XCBuildConfiguration;
			buildSettings = {
				ALWAYS_SEARCH_USER_PATHS = NO;
				CLANG_ANALYZER_NONNULL = YES;
				CLANG_ANALYZER_NUMBER_OBJECT_CONVERSION = YES_AGGRESSIVE;
				CLANG_CXX_LANGUAGE_STANDARD = "gnu++14";
				CLANG_CXX_LIBRARY = "libc++";
				CLANG_ENABLE_MODULES = YES;
				CLANG_ENABLE_OBJC_ARC = YES;
				CLANG_ENABLE_OBJC_WEAK = YES;
				CLANG_WARN_BLOCK_CAPTURE_AUTORELEASING = YES;
				CLANG_WARN_BOOL_CONVERSION = YES;
				CLANG_WARN_COMMA = YES;
				CLANG_WARN_CONSTANT_CONVERSION = YES;
				CLANG_WARN_DEPRECATED_OBJC_IMPLEMENTATIONS = YES;
				CLANG_WARN_DIRECT_OBJC_ISA_USAGE = YES_ERROR;
				CLANG_WARN_DOCUMENTATION_COMMENTS = YES;
				CLANG_WARN_EMPTY_BODY = YES;
				CLANG_WARN_ENUM_CONVERSION = YES;
				CLANG_WARN_INFINITE_RECURSION = YES;
				CLANG_WARN_INT_CONVERSION = YES;
				CLANG_WARN_NON_LITERAL_NULL_CONVERSION = YES;
				CLANG_WARN_OBJC_IMPLICIT_RETAIN_SELF = YES;
				CLANG_WARN_OBJC_LITERAL_CONVERSION = YES;
				CLANG_WARN_OBJC_ROOT_CLASS = YES_ERROR;
				CLANG_WARN_QUOTED_INCLUDE_IN_FRAMEWORK_HEADER = YES;
				CLANG_WARN_RANGE_LOOP_ANALYSIS = YES;
				CLANG_WARN_STRICT_PROTOTYPES = YES;
				CLANG_WARN_SUSPICIOUS_MOVE = YES;
				CLANG_WARN_UNGUARDED_AVAILABILITY = YES_AGGRESSIVE;
				CLANG_WARN_UNREACHABLE_CODE = YES;
				CLANG_WARN__DUPLICATE_METHOD_MATCH = YES;
				COPY_PHASE_STRIP = NO;
				DEBUG_INFORMATION_FORMAT = dwarf;
				ENABLE_STRICT_OBJC_MSGSEND = YES;
				ENABLE_TESTABILITY = YES;
				GCC_C_LANGUAGE_STANDARD = gnu11;
				GCC_DYNAMIC_NO_PIC = NO;
				GCC_NO_COMMON_BLOCKS = YES;
				GCC_OPTIMIZATION_LEVEL = 0;
				GCC_PREPROCESSOR_DEFINITIONS = (
					"DEBUG=1",
					"$(inherited)",
				);
				GCC_WARN_64_TO_32_BIT_CONVERSION = YES;
				GCC_WARN_ABOUT_RETURN_TYPE = YES_ERROR;
				GCC_WARN_UNDECLARED_SELECTOR = YES;
				GCC_WARN_UNINITIALIZED_AUTOS = YES_AGGRESSIVE;
				GCC_WARN_UNUSED_FUNCTION = YES;
				GCC_WARN_UNUSED_VARIABLE = YES;
				IPHONEOS_DEPLOYMENT_TARGET = 14.5;
				MTL_ENABLE_DEBUG_INFO = INCLUDE_SOURCE;
				MTL_FAST_MATH = YES;
				ONLY_ACTIVE_ARCH = YES;
				SDKROOT = iphoneos;
				SWIFT_ACTIVE_COMPILATION_CONDITIONS = DEBUG;
				SWIFT_OPTIMIZATION_LEVEL = "-Onone";
			};
			name = Debug;
		};
		A5A98FAF264D9E5200F04CE1 /* Release */ = {
			isa = XCBuildConfiguration;
			buildSettings = {
				ALWAYS_SEARCH_USER_PATHS = NO;
				CLANG_ANALYZER_NONNULL = YES;
				CLANG_ANALYZER_NUMBER_OBJECT_CONVERSION = YES_AGGRESSIVE;
				CLANG_CXX_LANGUAGE_STANDARD = "gnu++14";
				CLANG_CXX_LIBRARY = "libc++";
				CLANG_ENABLE_MODULES = YES;
				CLANG_ENABLE_OBJC_ARC = YES;
				CLANG_ENABLE_OBJC_WEAK = YES;
				CLANG_WARN_BLOCK_CAPTURE_AUTORELEASING = YES;
				CLANG_WARN_BOOL_CONVERSION = YES;
				CLANG_WARN_COMMA = YES;
				CLANG_WARN_CONSTANT_CONVERSION = YES;
				CLANG_WARN_DEPRECATED_OBJC_IMPLEMENTATIONS = YES;
				CLANG_WARN_DIRECT_OBJC_ISA_USAGE = YES_ERROR;
				CLANG_WARN_DOCUMENTATION_COMMENTS = YES;
				CLANG_WARN_EMPTY_BODY = YES;
				CLANG_WARN_ENUM_CONVERSION = YES;
				CLANG_WARN_INFINITE_RECURSION = YES;
				CLANG_WARN_INT_CONVERSION = YES;
				CLANG_WARN_NON_LITERAL_NULL_CONVERSION = YES;
				CLANG_WARN_OBJC_IMPLICIT_RETAIN_SELF = YES;
				CLANG_WARN_OBJC_LITERAL_CONVERSION = YES;
				CLANG_WARN_OBJC_ROOT_CLASS = YES_ERROR;
				CLANG_WARN_QUOTED_INCLUDE_IN_FRAMEWORK_HEADER = YES;
				CLANG_WARN_RANGE_LOOP_ANALYSIS = YES;
				CLANG_WARN_STRICT_PROTOTYPES = YES;
				CLANG_WARN_SUSPICIOUS_MOVE = YES;
				CLANG_WARN_UNGUARDED_AVAILABILITY = YES_AGGRESSIVE;
				CLANG_WARN_UNREACHABLE_CODE = YES;
				CLANG_WARN__DUPLICATE_METHOD_MATCH = YES;
				COPY_PHASE_STRIP = NO;
				DEBUG_INFORMATION_FORMAT = "dwarf-with-dsym";
				ENABLE_NS_ASSERTIONS = NO;
				ENABLE_STRICT_OBJC_MSGSEND = YES;
				GCC_C_LANGUAGE_STANDARD = gnu11;
				GCC_NO_COMMON_BLOCKS = YES;
				GCC_WARN_64_TO_32_BIT_CONVERSION = YES;
				GCC_WARN_ABOUT_RETURN_TYPE = YES_ERROR;
				GCC_WARN_UNDECLARED_SELECTOR = YES;
				GCC_WARN_UNINITIALIZED_AUTOS = YES_AGGRESSIVE;
				GCC_WARN_UNUSED_FUNCTION = YES;
				GCC_WARN_UNUSED_VARIABLE = YES;
				IPHONEOS_DEPLOYMENT_TARGET = 14.5;
				MTL_ENABLE_DEBUG_INFO = NO;
				MTL_FAST_MATH = YES;
				SDKROOT = iphoneos;
				SWIFT_COMPILATION_MODE = wholemodule;
				SWIFT_OPTIMIZATION_LEVEL = "-O";
				VALIDATE_PRODUCT = YES;
			};
			name = Release;
		};
		A5A98FB1264D9E5200F04CE1 /* Debug */ = {
			isa = XCBuildConfiguration;
			buildSettings = {
				ASSETCATALOG_COMPILER_APPICON_NAME = AppIcon;
				ASSETCATALOG_COMPILER_GLOBAL_ACCENT_COLOR_NAME = AccentColor;
				CODE_SIGN_STYLE = Automatic;
				DEVELOPMENT_ASSET_PATHS = "\"GMASampleTest/Preview Content\"";
				DEVELOPMENT_TEAM = AM789EPRBN;
				ENABLE_PREVIEWS = YES;
				INFOPLIST_FILE = GMASampleTest/Info.plist;
				IPHONEOS_DEPLOYMENT_TARGET = 14.5;
				LD_RUNPATH_SEARCH_PATHS = (
					"$(inherited)",
					"@executable_path/Frameworks",
				);
				PRODUCT_BUNDLE_IDENTIFIER = com.DowJones.GMASampleTest;
				PRODUCT_NAME = "$(TARGET_NAME)";
				SWIFT_VERSION = 5.0;
				TARGETED_DEVICE_FAMILY = "1,2";
			};
			name = Debug;
		};
		A5A98FB2264D9E5200F04CE1 /* Release */ = {
			isa = XCBuildConfiguration;
			buildSettings = {
				ASSETCATALOG_COMPILER_APPICON_NAME = AppIcon;
				ASSETCATALOG_COMPILER_GLOBAL_ACCENT_COLOR_NAME = AccentColor;
				CODE_SIGN_STYLE = Automatic;
				DEVELOPMENT_ASSET_PATHS = "\"GMASampleTest/Preview Content\"";
				DEVELOPMENT_TEAM = AM789EPRBN;
				ENABLE_PREVIEWS = YES;
				INFOPLIST_FILE = GMASampleTest/Info.plist;
				IPHONEOS_DEPLOYMENT_TARGET = 14.5;
				LD_RUNPATH_SEARCH_PATHS = (
					"$(inherited)",
					"@executable_path/Frameworks",
				);
				PRODUCT_BUNDLE_IDENTIFIER = com.DowJones.GMASampleTest;
				PRODUCT_NAME = "$(TARGET_NAME)";
				SWIFT_VERSION = 5.0;
				TARGETED_DEVICE_FAMILY = "1,2";
			};
			name = Release;
		};
/* End XCBuildConfiguration section */

/* Begin XCConfigurationList section */
		A5A98F9C264D9E5000F04CE1 /* Build configuration list for PBXProject "GMASample" */ = {
			isa = XCConfigurationList;
			buildConfigurations = (
				A5A98FAE264D9E5200F04CE1 /* Debug */,
				A5A98FAF264D9E5200F04CE1 /* Release */,
			);
			defaultConfigurationIsVisible = 0;
			defaultConfigurationName = Release;
		};
		A5A98FB0264D9E5200F04CE1 /* Build configuration list for PBXNativeTarget "GMASampleTest" */ = {
			isa = XCConfigurationList;
			buildConfigurations = (
				A5A98FB1264D9E5200F04CE1 /* Debug */,
				A5A98FB2264D9E5200F04CE1 /* Release */,
			);
			defaultConfigurationIsVisible = 0;
			defaultConfigurationName = Release;
		};
/* End XCConfigurationList section */

/* Begin XCRemoteSwiftPackageReference section */
		A5F77DB32654BE6100485B28 /* XCRemoteSwiftPackageReference "ChanceTheAdWrapper" */ = {
			isa = XCRemoteSwiftPackageReference;
			repositoryURL = "git@github.com:dowjones-mobile/ChanceTheAdWrapper.git";
			requirement = {
				kind = revision;
				revision = 54602b3af3076194a6c3572ba338c4cad8ff4b8a;
			};
		};
		A5F77DB62654BE9E00485B28 /* XCRemoteSwiftPackageReference "NCVideoKit" */ = {
			isa = XCRemoteSwiftPackageReference;
			repositoryURL = "git@github.com:dowjones-mobile/NCVideoKit.git";
			requirement = {
				kind = upToNextMajorVersion;
				minimumVersion = 7.1.7;
			};
		};
/* End XCRemoteSwiftPackageReference section */

/* Begin XCSwiftPackageProductDependency section */
		A5F77DB42654BE6100485B28 /* ChanceTheAdWrapper */ = {
			isa = XCSwiftPackageProductDependency;
			package = A5F77DB32654BE6100485B28 /* XCRemoteSwiftPackageReference "ChanceTheAdWrapper" */;
			productName = ChanceTheAdWrapper;
		};
		A5F77DB72654BE9E00485B28 /* NCVideoKit */ = {
			isa = XCSwiftPackageProductDependency;
			package = A5F77DB62654BE9E00485B28 /* XCRemoteSwiftPackageReference "NCVideoKit" */;
			productName = NCVideoKit;
		};
/* End XCSwiftPackageProductDependency section */
	};
	rootObject = A5A98F99264D9E5000F04CE1 /* Project object */;
}
