// !$*UTF8*$!
{
	archiveVersion = 1;
	classes = {
	};
	objectVersion = 52;
	objects = {

/* Begin PBXBuildFile section */
		A5A98FD1264DA86B00F04CE1 /* GMASampleApp.swift in Sources */ = {isa = PBXBuildFile; fileRef = A5A98FCB264DA86B00F04CE1 /* GMASampleApp.swift */; };
		A5A98FD2264DA86B00F04CE1 /* Assets.xcassets in Resources */ = {isa = PBXBuildFile; fileRef = A5A98FCC264DA86B00F04CE1 /* Assets.xcassets */; };
		A5A98FD3264DA86B00F04CE1 /* Preview Assets.xcassets in Resources */ = {isa = PBXBuildFile; fileRef = A5A98FCE264DA86B00F04CE1 /* Preview Assets.xcassets */; };
		A5A98FD4264DA86B00F04CE1 /* ContentView.swift in Sources */ = {isa = PBXBuildFile; fileRef = A5A98FCF264DA86B00F04CE1 /* ContentView.swift */; };
		A5A98FE2264DA9EE00F04CE1 /* GMASample.framework in Frameworks */ = {isa = PBXBuildFile; fileRef = A5A98FDB264DA9EE00F04CE1 /* GMASample.framework */; };
		A5A98FF5264DA9FE00F04CE1 /* .swift-version in Resources */ = {isa = PBXBuildFile; fileRef = A5A98FE9264DA9FE00F04CE1 /* .swift-version */; };
		A5A98FF6264DA9FE00F04CE1 /* .swiftlint.yml in Resources */ = {isa = PBXBuildFile; fileRef = A5A98FEB264DA9FE00F04CE1 /* .swiftlint.yml */; };
		A5A98FF7264DA9FE00F04CE1 /* AdLoaderAdView.swift in Sources */ = {isa = PBXBuildFile; fileRef = A5A98FEC264DA9FE00F04CE1 /* AdLoaderAdView.swift */; };
		A5A98FF8264DA9FE00F04CE1 /* BannerViewManager.swift in Sources */ = {isa = PBXBuildFile; fileRef = A5A98FED264DA9FE00F04CE1 /* BannerViewManager.swift */; };
		A5A98FF9264DA9FE00F04CE1 /* AdView.swift in Sources */ = {isa = PBXBuildFile; fileRef = A5A98FEE264DA9FE00F04CE1 /* AdView.swift */; };
		A5A98FFA264DA9FE00F04CE1 /* .swiftformat in Resources */ = {isa = PBXBuildFile; fileRef = A5A98FEF264DA9FE00F04CE1 /* .swiftformat */; };
		A5A98FFB264DA9FE00F04CE1 /* AdLoaderRequestManager.swift in Sources */ = {isa = PBXBuildFile; fileRef = A5A98FF0264DA9FE00F04CE1 /* AdLoaderRequestManager.swift */; };
		A5A98FFC264DA9FE00F04CE1 /* BannerAdView.swift in Sources */ = {isa = PBXBuildFile; fileRef = A5A98FF1264DA9FE00F04CE1 /* BannerAdView.swift */; };
		A5A99003264DAA3F00F04CE1 /* GoogleMobileAds.xcframework in Frameworks */ = {isa = PBXBuildFile; fileRef = A5A98FF3264DA9FE00F04CE1 /* GoogleMobileAds.xcframework */; platformFilter = ios; };
		A5A99004264DAA3F00F04CE1 /* GoogleMobileAds.xcframework in Embed Frameworks */ = {isa = PBXBuildFile; fileRef = A5A98FF3264DA9FE00F04CE1 /* GoogleMobileAds.xcframework */; platformFilter = ios; settings = {ATTRIBUTES = (CodeSignOnCopy, RemoveHeadersOnCopy, ); }; };
		A5A99006264DC00600F04CE1 /* GMASample.h in Headers */ = {isa = PBXBuildFile; fileRef = A5A98FEA264DA9FE00F04CE1 /* GMASample.h */; platformFilter = ios; settings = {ATTRIBUTES = (Public, ); }; };
		A5A99007264DC0AD00F04CE1 /* AdLoaderAdView.swift in Sources */ = {isa = PBXBuildFile; fileRef = A5A98FEC264DA9FE00F04CE1 /* AdLoaderAdView.swift */; };
		A5A99008264DC0AD00F04CE1 /* BannerViewManager.swift in Sources */ = {isa = PBXBuildFile; fileRef = A5A98FED264DA9FE00F04CE1 /* BannerViewManager.swift */; };
		A5A99009264DC0AD00F04CE1 /* AdView.swift in Sources */ = {isa = PBXBuildFile; fileRef = A5A98FEE264DA9FE00F04CE1 /* AdView.swift */; };
		A5A9900A264DC0AD00F04CE1 /* AdLoaderRequestManager.swift in Sources */ = {isa = PBXBuildFile; fileRef = A5A98FF0264DA9FE00F04CE1 /* AdLoaderRequestManager.swift */; };
		A5A9900B264DC0AD00F04CE1 /* BannerAdView.swift in Sources */ = {isa = PBXBuildFile; fileRef = A5A98FF1264DA9FE00F04CE1 /* BannerAdView.swift */; };
/* End PBXBuildFile section */

/* Begin PBXContainerItemProxy section */
		A5A98FE0264DA9EE00F04CE1 /* PBXContainerItemProxy */ = {
			isa = PBXContainerItemProxy;
			containerPortal = A5A98F99264D9E5000F04CE1 /* Project object */;
			proxyType = 1;
			remoteGlobalIDString = A5A98FDA264DA9EE00F04CE1;
			remoteInfo = GMASample;
		};
/* End PBXContainerItemProxy section */

/* Begin PBXCopyFilesBuildPhase section */
		A5A99005264DAA3F00F04CE1 /* Embed Frameworks */ = {
			isa = PBXCopyFilesBuildPhase;
			buildActionMask = 2147483647;
			dstPath = "";
			dstSubfolderSpec = 10;
			files = (
				A5A99004264DAA3F00F04CE1 /* GoogleMobileAds.xcframework in Embed Frameworks */,
			);
			name = "Embed Frameworks";
			runOnlyForDeploymentPostprocessing = 0;
		};
/* End PBXCopyFilesBuildPhase section */

/* Begin PBXFileReference section */
		A5A98FA1264D9E5000F04CE1 /* GMASampleTest.app */ = {isa = PBXFileReference; explicitFileType = wrapper.application; includeInIndex = 0; path = GMASampleTest.app; sourceTree = BUILT_PRODUCTS_DIR; };
		A5A98FCB264DA86B00F04CE1 /* GMASampleApp.swift */ = {isa = PBXFileReference; fileEncoding = 4; lastKnownFileType = sourcecode.swift; path = GMASampleApp.swift; sourceTree = "<group>"; };
		A5A98FCC264DA86B00F04CE1 /* Assets.xcassets */ = {isa = PBXFileReference; lastKnownFileType = folder.assetcatalog; path = Assets.xcassets; sourceTree = "<group>"; };
		A5A98FCE264DA86B00F04CE1 /* Preview Assets.xcassets */ = {isa = PBXFileReference; lastKnownFileType = folder.assetcatalog; path = "Preview Assets.xcassets"; sourceTree = "<group>"; };
		A5A98FCF264DA86B00F04CE1 /* ContentView.swift */ = {isa = PBXFileReference; fileEncoding = 4; lastKnownFileType = sourcecode.swift; path = ContentView.swift; sourceTree = "<group>"; };
		A5A98FD0264DA86B00F04CE1 /* Info.plist */ = {isa = PBXFileReference; fileEncoding = 4; lastKnownFileType = text.plist.xml; path = Info.plist; sourceTree = "<group>"; };
		A5A98FDB264DA9EE00F04CE1 /* GMASample.framework */ = {isa = PBXFileReference; explicitFileType = wrapper.framework; includeInIndex = 0; path = GMASample.framework; sourceTree = BUILT_PRODUCTS_DIR; };
		A5A98FE9264DA9FE00F04CE1 /* .swift-version */ = {isa = PBXFileReference; fileEncoding = 4; lastKnownFileType = text; path = ".swift-version"; sourceTree = "<group>"; };
		A5A98FEA264DA9FE00F04CE1 /* GMASample.h */ = {isa = PBXFileReference; fileEncoding = 4; lastKnownFileType = sourcecode.c.h; path = GMASample.h; sourceTree = "<group>"; };
		A5A98FEB264DA9FE00F04CE1 /* .swiftlint.yml */ = {isa = PBXFileReference; fileEncoding = 4; lastKnownFileType = text.yaml; path = .swiftlint.yml; sourceTree = "<group>"; };
		A5A98FEC264DA9FE00F04CE1 /* AdLoaderAdView.swift */ = {isa = PBXFileReference; fileEncoding = 4; lastKnownFileType = sourcecode.swift; path = AdLoaderAdView.swift; sourceTree = "<group>"; };
		A5A98FED264DA9FE00F04CE1 /* BannerViewManager.swift */ = {isa = PBXFileReference; fileEncoding = 4; lastKnownFileType = sourcecode.swift; path = BannerViewManager.swift; sourceTree = "<group>"; };
		A5A98FEE264DA9FE00F04CE1 /* AdView.swift */ = {isa = PBXFileReference; fileEncoding = 4; lastKnownFileType = sourcecode.swift; path = AdView.swift; sourceTree = "<group>"; };
		A5A98FEF264DA9FE00F04CE1 /* .swiftformat */ = {isa = PBXFileReference; fileEncoding = 4; lastKnownFileType = text; path = .swiftformat; sourceTree = "<group>"; };
		A5A98FF0264DA9FE00F04CE1 /* AdLoaderRequestManager.swift */ = {isa = PBXFileReference; fileEncoding = 4; lastKnownFileType = sourcecode.swift; path = AdLoaderRequestManager.swift; sourceTree = "<group>"; };
		A5A98FF1264DA9FE00F04CE1 /* BannerAdView.swift */ = {isa = PBXFileReference; fileEncoding = 4; lastKnownFileType = sourcecode.swift; path = BannerAdView.swift; sourceTree = "<group>"; };
		A5A98FF3264DA9FE00F04CE1 /* GoogleMobileAds.xcframework */ = {isa = PBXFileReference; lastKnownFileType = wrapper.xcframework; path = GoogleMobileAds.xcframework; sourceTree = "<group>"; };
		A5A98FF4264DA9FE00F04CE1 /* Info.plist */ = {isa = PBXFileReference; fileEncoding = 4; lastKnownFileType = text.plist.xml; path = Info.plist; sourceTree = "<group>"; };
/* End PBXFileReference section */

/* Begin PBXFrameworksBuildPhase section */
		A5A98F9E264D9E5000F04CE1 /* Frameworks */ = {
			isa = PBXFrameworksBuildPhase;
			buildActionMask = 2147483647;
			files = (
				A5A98FE2264DA9EE00F04CE1 /* GMASample.framework in Frameworks */,
			);
			runOnlyForDeploymentPostprocessing = 0;
		};
		A5A98FD8264DA9EE00F04CE1 /* Frameworks */ = {
			isa = PBXFrameworksBuildPhase;
			buildActionMask = 2147483647;
			files = (
				A5A99003264DAA3F00F04CE1 /* GoogleMobileAds.xcframework in Frameworks */,
			);
			runOnlyForDeploymentPostprocessing = 0;
		};
/* End PBXFrameworksBuildPhase section */

/* Begin PBXGroup section */
		A5A98F98264D9E5000F04CE1 = {
			isa = PBXGroup;
			children = (
				A5A98FE8264DA9FE00F04CE1 /* GMASample */,
				A5A98FCA264DA86B00F04CE1 /* GMASampleTest */,
				A5A98FA2264D9E5000F04CE1 /* Products */,
				A5A98FFF264DAA1300F04CE1 /* Frameworks */,
			);
			sourceTree = "<group>";
		};
		A5A98FA2264D9E5000F04CE1 /* Products */ = {
			isa = PBXGroup;
			children = (
				A5A98FA1264D9E5000F04CE1 /* GMASampleTest.app */,
				A5A98FDB264DA9EE00F04CE1 /* GMASample.framework */,
			);
			name = Products;
			sourceTree = "<group>";
		};
		A5A98FCA264DA86B00F04CE1 /* GMASampleTest */ = {
			isa = PBXGroup;
			children = (
				A5A98FCB264DA86B00F04CE1 /* GMASampleApp.swift */,
				A5A98FCC264DA86B00F04CE1 /* Assets.xcassets */,
				A5A98FCF264DA86B00F04CE1 /* ContentView.swift */,
				A5A98FD0264DA86B00F04CE1 /* Info.plist */,
				A5A98FCD264DA86B00F04CE1 /* Preview Content */,
			);
			path = GMASampleTest;
			sourceTree = "<group>";
		};
		A5A98FCD264DA86B00F04CE1 /* Preview Content */ = {
			isa = PBXGroup;
			children = (
				A5A98FCE264DA86B00F04CE1 /* Preview Assets.xcassets */,
			);
			path = "Preview Content";
			sourceTree = "<group>";
		};
		A5A98FE8264DA9FE00F04CE1 /* GMASample */ = {
			isa = PBXGroup;
			children = (
				A5A98FE9264DA9FE00F04CE1 /* .swift-version */,
				A5A98FEA264DA9FE00F04CE1 /* GMASample.h */,
				A5A98FEB264DA9FE00F04CE1 /* .swiftlint.yml */,
				A5A98FEC264DA9FE00F04CE1 /* AdLoaderAdView.swift */,
				A5A98FED264DA9FE00F04CE1 /* BannerViewManager.swift */,
				A5A98FEE264DA9FE00F04CE1 /* AdView.swift */,
				A5A98FEF264DA9FE00F04CE1 /* .swiftformat */,
				A5A98FF0264DA9FE00F04CE1 /* AdLoaderRequestManager.swift */,
				A5A98FF1264DA9FE00F04CE1 /* BannerAdView.swift */,
				A5A98FF2264DA9FE00F04CE1 /* Frameworks */,
				A5A98FF4264DA9FE00F04CE1 /* Info.plist */,
			);
			path = GMASample;
			sourceTree = "<group>";
		};
		A5A98FF2264DA9FE00F04CE1 /* Frameworks */ = {
			isa = PBXGroup;
			children = (
				A5A98FF3264DA9FE00F04CE1 /* GoogleMobileAds.xcframework */,
			);
			path = Frameworks;
			sourceTree = "<group>";
		};
		A5A98FFF264DAA1300F04CE1 /* Frameworks */ = {
			isa = PBXGroup;
			children = (
			);
			name = Frameworks;
			sourceTree = "<group>";
		};
/* End PBXGroup section */

/* Begin PBXHeadersBuildPhase section */
		A5A98FD6264DA9EE00F04CE1 /* Headers */ = {
			isa = PBXHeadersBuildPhase;
			buildActionMask = 2147483647;
			files = (
				A5A99006264DC00600F04CE1 /* GMASample.h in Headers */,
			);
			runOnlyForDeploymentPostprocessing = 0;
		};
/* End PBXHeadersBuildPhase section */

/* Begin PBXNativeTarget section */
		A5A98FA0264D9E5000F04CE1 /* GMASampleTest */ = {
			isa = PBXNativeTarget;
			buildConfigurationList = A5A98FB0264D9E5200F04CE1 /* Build configuration list for PBXNativeTarget "GMASampleTest" */;
			buildPhases = (
				A5A98F9D264D9E5000F04CE1 /* Sources */,
				A5A98F9E264D9E5000F04CE1 /* Frameworks */,
				A5A98F9F264D9E5000F04CE1 /* Resources */,
			);
			buildRules = (
			);
			dependencies = (
				A5A98FE1264DA9EE00F04CE1 /* PBXTargetDependency */,
			);
			name = GMASampleTest;
			productName = GMASample;
			productReference = A5A98FA1264D9E5000F04CE1 /* GMASampleTest.app */;
			productType = "com.apple.product-type.application";
		};
		A5A98FDA264DA9EE00F04CE1 /* GMASample */ = {
			isa = PBXNativeTarget;
			buildConfigurationList = A5A98FE4264DA9EE00F04CE1 /* Build configuration list for PBXNativeTarget "GMASample" */;
			buildPhases = (
				A5A98FD6264DA9EE00F04CE1 /* Headers */,
				A5A98FD7264DA9EE00F04CE1 /* Sources */,
				A5A98FD8264DA9EE00F04CE1 /* Frameworks */,
				A5A98FD9264DA9EE00F04CE1 /* Resources */,
				A5A99005264DAA3F00F04CE1 /* Embed Frameworks */,
			);
			buildRules = (
			);
			dependencies = (
			);
			name = GMASample;
			productName = GMASample;
			productReference = A5A98FDB264DA9EE00F04CE1 /* GMASample.framework */;
			productType = "com.apple.product-type.framework";
		};
/* End PBXNativeTarget section */

/* Begin PBXProject section */
		A5A98F99264D9E5000F04CE1 /* Project object */ = {
			isa = PBXProject;
			attributes = {
				LastSwiftUpdateCheck = 1250;
				LastUpgradeCheck = 1250;
				TargetAttributes = {
					A5A98FA0264D9E5000F04CE1 = {
						CreatedOnToolsVersion = 12.5;
					};
					A5A98FDA264DA9EE00F04CE1 = {
						CreatedOnToolsVersion = 12.5;
					};
				};
			};
			buildConfigurationList = A5A98F9C264D9E5000F04CE1 /* Build configuration list for PBXProject "GMASample" */;
			compatibilityVersion = "Xcode 9.3";
			developmentRegion = en;
			hasScannedForEncodings = 0;
			knownRegions = (
				en,
				Base,
			);
			mainGroup = A5A98F98264D9E5000F04CE1;
			productRefGroup = A5A98FA2264D9E5000F04CE1 /* Products */;
			projectDirPath = "";
			projectRoot = "";
			targets = (
				A5A98FDA264DA9EE00F04CE1 /* GMASample */,
				A5A98FA0264D9E5000F04CE1 /* GMASampleTest */,
			);
		};
/* End PBXProject section */

/* Begin PBXResourcesBuildPhase section */
		A5A98F9F264D9E5000F04CE1 /* Resources */ = {
			isa = PBXResourcesBuildPhase;
			buildActionMask = 2147483647;
			files = (
				A5A98FF6264DA9FE00F04CE1 /* .swiftlint.yml in Resources */,
				A5A98FF5264DA9FE00F04CE1 /* .swift-version in Resources */,
				A5A98FFA264DA9FE00F04CE1 /* .swiftformat in Resources */,
				A5A98FD3264DA86B00F04CE1 /* Preview Assets.xcassets in Resources */,
				A5A98FD2264DA86B00F04CE1 /* Assets.xcassets in Resources */,
			);
			runOnlyForDeploymentPostprocessing = 0;
		};
		A5A98FD9264DA9EE00F04CE1 /* Resources */ = {
			isa = PBXResourcesBuildPhase;
			buildActionMask = 2147483647;
			files = (
			);
			runOnlyForDeploymentPostprocessing = 0;
		};
/* End PBXResourcesBuildPhase section */

/* Begin PBXSourcesBuildPhase section */
		A5A98F9D264D9E5000F04CE1 /* Sources */ = {
			isa = PBXSourcesBuildPhase;
			buildActionMask = 2147483647;
			files = (
				A5A98FF9264DA9FE00F04CE1 /* AdView.swift in Sources */,
				A5A98FD4264DA86B00F04CE1 /* ContentView.swift in Sources */,
				A5A98FF7264DA9FE00F04CE1 /* AdLoaderAdView.swift in Sources */,
				A5A98FFC264DA9FE00F04CE1 /* BannerAdView.swift in Sources */,
				A5A98FFB264DA9FE00F04CE1 /* AdLoaderRequestManager.swift in Sources */,
				A5A98FF8264DA9FE00F04CE1 /* BannerViewManager.swift in Sources */,
				A5A98FD1264DA86B00F04CE1 /* GMASampleApp.swift in Sources */,
			);
			runOnlyForDeploymentPostprocessing = 0;
		};
		A5A98FD7264DA9EE00F04CE1 /* Sources */ = {
			isa = PBXSourcesBuildPhase;
			buildActionMask = 2147483647;
			files = (
				A5A99007264DC0AD00F04CE1 /* AdLoaderAdView.swift in Sources */,
				A5A99008264DC0AD00F04CE1 /* BannerViewManager.swift in Sources */,
				A5A99009264DC0AD00F04CE1 /* AdView.swift in Sources */,
				A5A9900A264DC0AD00F04CE1 /* AdLoaderRequestManager.swift in Sources */,
				A5A9900B264DC0AD00F04CE1 /* BannerAdView.swift in Sources */,
			);
			runOnlyForDeploymentPostprocessing = 0;
		};
/* End PBXSourcesBuildPhase section */

/* Begin PBXTargetDependency section */
		A5A98FE1264DA9EE00F04CE1 /* PBXTargetDependency */ = {
			isa = PBXTargetDependency;
			target = A5A98FDA264DA9EE00F04CE1 /* GMASample */;
			targetProxy = A5A98FE0264DA9EE00F04CE1 /* PBXContainerItemProxy */;
		};
/* End PBXTargetDependency section */

/* Begin XCBuildConfiguration section */
		A5A98FAE264D9E5200F04CE1 /* Debug */ = {
			isa = XCBuildConfiguration;
			buildSettings = {
				ALWAYS_SEARCH_USER_PATHS = NO;
				CLANG_ANALYZER_NONNULL = YES;
				CLANG_ANALYZER_NUMBER_OBJECT_CONVERSION = YES_AGGRESSIVE;
				CLANG_CXX_LANGUAGE_STANDARD = "gnu++14";
				CLANG_CXX_LIBRARY = "libc++";
				CLANG_ENABLE_MODULES = YES;
				CLANG_ENABLE_OBJC_ARC = YES;
				CLANG_ENABLE_OBJC_WEAK = YES;
				CLANG_WARN_BLOCK_CAPTURE_AUTORELEASING = YES;
				CLANG_WARN_BOOL_CONVERSION = YES;
				CLANG_WARN_COMMA = YES;
				CLANG_WARN_CONSTANT_CONVERSION = YES;
				CLANG_WARN_DEPRECATED_OBJC_IMPLEMENTATIONS = YES;
				CLANG_WARN_DIRECT_OBJC_ISA_USAGE = YES_ERROR;
				CLANG_WARN_DOCUMENTATION_COMMENTS = YES;
				CLANG_WARN_EMPTY_BODY = YES;
				CLANG_WARN_ENUM_CONVERSION = YES;
				CLANG_WARN_INFINITE_RECURSION = YES;
				CLANG_WARN_INT_CONVERSION = YES;
				CLANG_WARN_NON_LITERAL_NULL_CONVERSION = YES;
				CLANG_WARN_OBJC_IMPLICIT_RETAIN_SELF = YES;
				CLANG_WARN_OBJC_LITERAL_CONVERSION = YES;
				CLANG_WARN_OBJC_ROOT_CLASS = YES_ERROR;
				CLANG_WARN_QUOTED_INCLUDE_IN_FRAMEWORK_HEADER = YES;
				CLANG_WARN_RANGE_LOOP_ANALYSIS = YES;
				CLANG_WARN_STRICT_PROTOTYPES = YES;
				CLANG_WARN_SUSPICIOUS_MOVE = YES;
				CLANG_WARN_UNGUARDED_AVAILABILITY = YES_AGGRESSIVE;
				CLANG_WARN_UNREACHABLE_CODE = YES;
				CLANG_WARN__DUPLICATE_METHOD_MATCH = YES;
				COPY_PHASE_STRIP = NO;
				DEBUG_INFORMATION_FORMAT = dwarf;
				ENABLE_STRICT_OBJC_MSGSEND = YES;
				ENABLE_TESTABILITY = YES;
				GCC_C_LANGUAGE_STANDARD = gnu11;
				GCC_DYNAMIC_NO_PIC = NO;
				GCC_NO_COMMON_BLOCKS = YES;
				GCC_OPTIMIZATION_LEVEL = 0;
				GCC_PREPROCESSOR_DEFINITIONS = (
					"DEBUG=1",
					"$(inherited)",
				);
				GCC_WARN_64_TO_32_BIT_CONVERSION = YES;
				GCC_WARN_ABOUT_RETURN_TYPE = YES_ERROR;
				GCC_WARN_UNDECLARED_SELECTOR = YES;
				GCC_WARN_UNINITIALIZED_AUTOS = YES_AGGRESSIVE;
				GCC_WARN_UNUSED_FUNCTION = YES;
				GCC_WARN_UNUSED_VARIABLE = YES;
				IPHONEOS_DEPLOYMENT_TARGET = 14.5;
				MTL_ENABLE_DEBUG_INFO = INCLUDE_SOURCE;
				MTL_FAST_MATH = YES;
				ONLY_ACTIVE_ARCH = YES;
				SDKROOT = iphoneos;
				SWIFT_ACTIVE_COMPILATION_CONDITIONS = DEBUG;
				SWIFT_OPTIMIZATION_LEVEL = "-Onone";
			};
			name = Debug;
		};
		A5A98FAF264D9E5200F04CE1 /* Release */ = {
			isa = XCBuildConfiguration;
			buildSettings = {
				ALWAYS_SEARCH_USER_PATHS = NO;
				CLANG_ANALYZER_NONNULL = YES;
				CLANG_ANALYZER_NUMBER_OBJECT_CONVERSION = YES_AGGRESSIVE;
				CLANG_CXX_LANGUAGE_STANDARD = "gnu++14";
				CLANG_CXX_LIBRARY = "libc++";
				CLANG_ENABLE_MODULES = YES;
				CLANG_ENABLE_OBJC_ARC = YES;
				CLANG_ENABLE_OBJC_WEAK = YES;
				CLANG_WARN_BLOCK_CAPTURE_AUTORELEASING = YES;
				CLANG_WARN_BOOL_CONVERSION = YES;
				CLANG_WARN_COMMA = YES;
				CLANG_WARN_CONSTANT_CONVERSION = YES;
				CLANG_WARN_DEPRECATED_OBJC_IMPLEMENTATIONS = YES;
				CLANG_WARN_DIRECT_OBJC_ISA_USAGE = YES_ERROR;
				CLANG_WARN_DOCUMENTATION_COMMENTS = YES;
				CLANG_WARN_EMPTY_BODY = YES;
				CLANG_WARN_ENUM_CONVERSION = YES;
				CLANG_WARN_INFINITE_RECURSION = YES;
				CLANG_WARN_INT_CONVERSION = YES;
				CLANG_WARN_NON_LITERAL_NULL_CONVERSION = YES;
				CLANG_WARN_OBJC_IMPLICIT_RETAIN_SELF = YES;
				CLANG_WARN_OBJC_LITERAL_CONVERSION = YES;
				CLANG_WARN_OBJC_ROOT_CLASS = YES_ERROR;
				CLANG_WARN_QUOTED_INCLUDE_IN_FRAMEWORK_HEADER = YES;
				CLANG_WARN_RANGE_LOOP_ANALYSIS = YES;
				CLANG_WARN_STRICT_PROTOTYPES = YES;
				CLANG_WARN_SUSPICIOUS_MOVE = YES;
				CLANG_WARN_UNGUARDED_AVAILABILITY = YES_AGGRESSIVE;
				CLANG_WARN_UNREACHABLE_CODE = YES;
				CLANG_WARN__DUPLICATE_METHOD_MATCH = YES;
				COPY_PHASE_STRIP = NO;
				DEBUG_INFORMATION_FORMAT = "dwarf-with-dsym";
				ENABLE_NS_ASSERTIONS = NO;
				ENABLE_STRICT_OBJC_MSGSEND = YES;
				GCC_C_LANGUAGE_STANDARD = gnu11;
				GCC_NO_COMMON_BLOCKS = YES;
				GCC_WARN_64_TO_32_BIT_CONVERSION = YES;
				GCC_WARN_ABOUT_RETURN_TYPE = YES_ERROR;
				GCC_WARN_UNDECLARED_SELECTOR = YES;
				GCC_WARN_UNINITIALIZED_AUTOS = YES_AGGRESSIVE;
				GCC_WARN_UNUSED_FUNCTION = YES;
				GCC_WARN_UNUSED_VARIABLE = YES;
				IPHONEOS_DEPLOYMENT_TARGET = 14.5;
				MTL_ENABLE_DEBUG_INFO = NO;
				MTL_FAST_MATH = YES;
				SDKROOT = iphoneos;
				SWIFT_COMPILATION_MODE = wholemodule;
				SWIFT_OPTIMIZATION_LEVEL = "-O";
				VALIDATE_PRODUCT = YES;
			};
			name = Release;
		};
		A5A98FB1264D9E5200F04CE1 /* Debug */ = {
			isa = XCBuildConfiguration;
			buildSettings = {
				ASSETCATALOG_COMPILER_APPICON_NAME = AppIcon;
				ASSETCATALOG_COMPILER_GLOBAL_ACCENT_COLOR_NAME = AccentColor;
				CODE_SIGN_STYLE = Automatic;
				DEVELOPMENT_ASSET_PATHS = "\"GMASampleTest/Preview Content\"";
				DEVELOPMENT_TEAM = AM789EPRBN;
				ENABLE_PREVIEWS = YES;
				INFOPLIST_FILE = GMASampleTest/Info.plist;
				IPHONEOS_DEPLOYMENT_TARGET = 14.5;
				LD_RUNPATH_SEARCH_PATHS = (
					"$(inherited)",
					"@executable_path/Frameworks",
				);
				PRODUCT_BUNDLE_IDENTIFIER = com.DowJones.GMASampleTest;
				PRODUCT_NAME = "$(TARGET_NAME)";
				SWIFT_VERSION = 5.0;
				TARGETED_DEVICE_FAMILY = "1,2";
			};
			name = Debug;
		};
		A5A98FB2264D9E5200F04CE1 /* Release */ = {
			isa = XCBuildConfiguration;
			buildSettings = {
				ASSETCATALOG_COMPILER_APPICON_NAME = AppIcon;
				ASSETCATALOG_COMPILER_GLOBAL_ACCENT_COLOR_NAME = AccentColor;
				CODE_SIGN_STYLE = Automatic;
				DEVELOPMENT_ASSET_PATHS = "\"GMASampleTest/Preview Content\"";
				DEVELOPMENT_TEAM = AM789EPRBN;
				ENABLE_PREVIEWS = YES;
				INFOPLIST_FILE = GMASampleTest/Info.plist;
				IPHONEOS_DEPLOYMENT_TARGET = 14.5;
				LD_RUNPATH_SEARCH_PATHS = (
					"$(inherited)",
					"@executable_path/Frameworks",
				);
				PRODUCT_BUNDLE_IDENTIFIER = com.DowJones.GMASampleTest;
				PRODUCT_NAME = "$(TARGET_NAME)";
				SWIFT_VERSION = 5.0;
				TARGETED_DEVICE_FAMILY = "1,2";
			};
			name = Release;
		};
		A5A98FE5264DA9EE00F04CE1 /* Debug */ = {
			isa = XCBuildConfiguration;
			buildSettings = {
				CODE_SIGN_STYLE = Automatic;
				CURRENT_PROJECT_VERSION = 1;
				DEFINES_MODULE = YES;
				DEVELOPMENT_TEAM = AM789EPRBN;
				DYLIB_COMPATIBILITY_VERSION = 1;
				DYLIB_CURRENT_VERSION = 1;
				DYLIB_INSTALL_NAME_BASE = "@rpath";
				INFOPLIST_FILE = GMASample/Info.plist;
				INSTALL_PATH = "$(LOCAL_LIBRARY_DIR)/Frameworks";
				LD_RUNPATH_SEARCH_PATHS = (
					"$(inherited)",
					"@executable_path/Frameworks",
					"@loader_path/Frameworks",
				);
				PRODUCT_BUNDLE_IDENTIFIER = com.DowJones.GMASample;
				PRODUCT_NAME = "$(TARGET_NAME:c99extidentifier)";
				SKIP_INSTALL = YES;
				SUPPORTS_MACCATALYST = NO;
				SWIFT_VERSION = 5.0;
				TARGETED_DEVICE_FAMILY = "1,2";
				VERSIONING_SYSTEM = "apple-generic";
				VERSION_INFO_PREFIX = "";
			};
			name = Debug;
		};
		A5A98FE6264DA9EE00F04CE1 /* Release */ = {
			isa = XCBuildConfiguration;
			buildSettings = {
				CODE_SIGN_STYLE = Automatic;
				CURRENT_PROJECT_VERSION = 1;
				DEFINES_MODULE = YES;
				DEVELOPMENT_TEAM = AM789EPRBN;
				DYLIB_COMPATIBILITY_VERSION = 1;
				DYLIB_CURRENT_VERSION = 1;
				DYLIB_INSTALL_NAME_BASE = "@rpath";
				INFOPLIST_FILE = GMASample/Info.plist;
				INSTALL_PATH = "$(LOCAL_LIBRARY_DIR)/Frameworks";
				LD_RUNPATH_SEARCH_PATHS = (
					"$(inherited)",
					"@executable_path/Frameworks",
					"@loader_path/Frameworks",
				);
				PRODUCT_BUNDLE_IDENTIFIER = com.DowJones.GMASample;
				PRODUCT_NAME = "$(TARGET_NAME:c99extidentifier)";
				SKIP_INSTALL = YES;
				SUPPORTS_MACCATALYST = NO;
				SWIFT_VERSION = 5.0;
				TARGETED_DEVICE_FAMILY = "1,2";
				VERSIONING_SYSTEM = "apple-generic";
				VERSION_INFO_PREFIX = "";
			};
			name = Release;
		};
/* End XCBuildConfiguration section */

/* Begin XCConfigurationList section */
		A5A98F9C264D9E5000F04CE1 /* Build configuration list for PBXProject "GMASample" */ = {
			isa = XCConfigurationList;
			buildConfigurations = (
				A5A98FAE264D9E5200F04CE1 /* Debug */,
				A5A98FAF264D9E5200F04CE1 /* Release */,
			);
			defaultConfigurationIsVisible = 0;
			defaultConfigurationName = Release;
		};
		A5A98FB0264D9E5200F04CE1 /* Build configuration list for PBXNativeTarget "GMASampleTest" */ = {
			isa = XCConfigurationList;
			buildConfigurations = (
				A5A98FB1264D9E5200F04CE1 /* Debug */,
				A5A98FB2264D9E5200F04CE1 /* Release */,
			);
			defaultConfigurationIsVisible = 0;
			defaultConfigurationName = Release;
		};
		A5A98FE4264DA9EE00F04CE1 /* Build configuration list for PBXNativeTarget "GMASample" */ = {
			isa = XCConfigurationList;
			buildConfigurations = (
				A5A98FE5264DA9EE00F04CE1 /* Debug */,
				A5A98FE6264DA9EE00F04CE1 /* Release */,
			);
			defaultConfigurationIsVisible = 0;
			defaultConfigurationName = Release;
		};
/* End XCConfigurationList section */
	};
	rootObject = A5A98F99264D9E5000F04CE1 /* Project object */;
}
