{
  "object": {
    "pins": [
      {
        "package": "GIMAPackage",
        "repositoryURL": "https://github.com/EfficientSetting/GIMAPackage.git",
        "state": {
          "branch": "master",
          "revision": "d52f4aba1cd9888acf30f5d04b5a3dba88659763",
          "version": null
        }
      },
      {
        "package": "GMAPackage",
        "repositoryURL": "https://github.com/EfficientSetting/GMAPackage.git",
        "state": {
          "branch": "master",
          "revision": "88a6c8d53d9b6465c188df5db8204e67ac9da9c3",
          "version": null
        }
      }
    ]
  },
  "version": 1
}
