{
  "object": {
    "pins": [
      {
        "package": "GMASample",
        "repositoryURL": "https://github.com/bhaskar-dj/GMASample.git",
        "state": {
          "branch": null,
          "revision": "15380fee3cc8538a042af978daeaac9a36cb47d9",
          "version": null
        }
      }
    ]
  },
  "version": 1
}
